
Microsoft Visual Studio Solution File, Format Version 12.00
# Visual Studio Version 17
VisualStudioVersion = 17.0.31903.59
MinimumVisualStudioVersion = 10.0.40219.1
Project("{2150E333-8FDC-42A3-9474-1A3956D46DE8}") = "src", "src", "{4FDBECC5-DD62-4548-ADFE-9D973F213BFF}"
EndProject
Project("{FAE04EC0-301F-11D3-BF4B-00C04F79EFBC}") = "Portfolio.Web", "src\Portfolio.Web\Portfolio.Web.csproj", "{49A90252-6DC8-43F2-92BD-9D46AF86A5D5}"
EndProject
Project("{FAE04EC0-301F-11D3-BF4B-00C04F79EFBC}") = "Portfolio.Application", "src\Portfolio.Application\Portfolio.Application.csproj", "{6A0A9BF5-ABDD-4321-904D-F4F4A23269A8}"
EndProject
Project("{FAE04EC0-301F-11D3-BF4B-00C04F79EFBC}") = "Portfolio.Contracts", "src\Portfolio.Contracts\Portfolio.Contracts.csproj", "{19BC593E-C592-42F2-B3A6-2A1E1C92BDFF}"
EndProject
Project("{FAE04EC0-301F-11D3-BF4B-00C04F79EFBC}") = "Portfolio.DAL", "src\Portfolio.DAL\Portfolio.DAL.csproj", "{4B8C4384-EE62-4AB7-B870-3F9E481756C9}"
EndProject
Global
	GlobalSection(SolutionConfigurationPlatforms) = preSolution
		Debug|Any CPU = Debug|Any CPU
		Release|Any CPU = Release|Any CPU
	EndGlobalSection
	GlobalSection(SolutionProperties) = preSolution
		HideSolutionNode = FALSE
	EndGlobalSection
	GlobalSection(ProjectConfigurationPlatforms) = postSolution
		{49A90252-6DC8-43F2-92BD-9D46AF86A5D5}.Debug|Any CPU.ActiveCfg = Debug|Any CPU
		{49A90252-6DC8-43F2-92BD-9D46AF86A5D5}.Debug|Any CPU.Build.0 = Debug|Any CPU
		{49A90252-6DC8-43F2-92BD-9D46AF86A5D5}.Release|Any CPU.ActiveCfg = Release|Any CPU
		{49A90252-6DC8-43F2-92BD-9D46AF86A5D5}.Release|Any CPU.Build.0 = Release|Any CPU
		{6A0A9BF5-ABDD-4321-904D-F4F4A23269A8}.Debug|Any CPU.ActiveCfg = Debug|Any CPU
		{6A0A9BF5-ABDD-4321-904D-F4F4A23269A8}.Debug|Any CPU.Build.0 = Debug|Any CPU
		{6A0A9BF5-ABDD-4321-904D-F4F4A23269A8}.Release|Any CPU.ActiveCfg = Release|Any CPU
		{6A0A9BF5-ABDD-4321-904D-F4F4A23269A8}.Release|Any CPU.Build.0 = Release|Any CPU
		{19BC593E-C592-42F2-B3A6-2A1E1C92BDFF}.Debug|Any CPU.ActiveCfg = Debug|Any CPU
		{19BC593E-C592-42F2-B3A6-2A1E1C92BDFF}.Debug|Any CPU.Build.0 = Debug|Any CPU
		{19BC593E-C592-42F2-B3A6-2A1E1C92BDFF}.Release|Any CPU.ActiveCfg = Release|Any CPU
		{19BC593E-C592-42F2-B3A6-2A1E1C92BDFF}.Release|Any CPU.Build.0 = Release|Any CPU
		{4B8C4384-EE62-4AB7-B870-3F9E481756C9}.Debug|Any CPU.ActiveCfg = Debug|Any CPU
		{4B8C4384-EE62-4AB7-B870-3F9E481756C9}.Debug|Any CPU.Build.0 = Debug|Any CPU
		{4B8C4384-EE62-4AB7-B870-3F9E481756C9}.Release|Any CPU.ActiveCfg = Release|Any CPU
		{4B8C4384-EE62-4AB7-B870-3F9E481756C9}.Release|Any CPU.Build.0 = Release|Any CPU
	EndGlobalSection
	GlobalSection(NestedProjects) = preSolution
		{49A90252-6DC8-43F2-92BD-9D46AF86A5D5} = {4FDBECC5-DD62-4548-ADFE-9D973F213BFF}
		{6A0A9BF5-ABDD-4321-904D-F4F4A23269A8} = {4FDBECC5-DD62-4548-ADFE-9D973F213BFF}
		{19BC593E-C592-42F2-B3A6-2A1E1C92BDFF} = {4FDBECC5-DD62-4548-ADFE-9D973F213BFF}
		{4B8C4384-EE62-4AB7-B870-3F9E481756C9} = {4FDBECC5-DD62-4548-ADFE-9D973F213BFF}
	EndGlobalSection
EndGlobal
